// !$*UTF8*$!
{
	archiveVersion = 1;
	classes = {
	};
	objectVersion = 55;
	objects = {

/* Begin PBXBuildFile section */
		DE21E03C28BE4D81005B258A /* PersistenceController.swift in Sources */ = {isa = PBXBuildFile; fileRef = DE21E03B28BE4D81005B258A /* PersistenceController.swift */; };
		DE21E03E28BE5236005B258A /* HomeViewModel.swift in Sources */ = {isa = PBXBuildFile; fileRef = DE21E03D28BE5236005B258A /* HomeViewModel.swift */; };
		DE21E06728BE7F3E005B258A /* Diary.xcdatamodeld in Sources */ = {isa = PBXBuildFile; fileRef = DE21E06528BE7F3E005B258A /* Diary.xcdatamodeld */; };
		DE21E06E28BE804D005B258A /* Diary+CoreDataClass.swift in Sources */ = {isa = PBXBuildFile; fileRef = DE21E06C28BE804D005B258A /* Diary+CoreDataClass.swift */; };
		DE21E07128BE842F005B258A /* CoreDataManager.swift in Sources */ = {isa = PBXBuildFile; fileRef = DE21E07028BE842F005B258A /* CoreDataManager.swift */; };
		DE21E07328BEA55D005B258A /* isHidden.swift in Sources */ = {isa = PBXBuildFile; fileRef = DE21E07228BEA55D005B258A /* isHidden.swift */; };
		DE21E07728BEAE18005B258A /* URL+.swift in Sources */ = {isa = PBXBuildFile; fileRef = DE21E07628BEAE18005B258A /* URL+.swift */; };
		DE21E07928BEAEFF005B258A /* VideoFileManager.swift in Sources */ = {isa = PBXBuildFile; fileRef = DE21E07828BEAEFF005B258A /* VideoFileManager.swift */; };
		DE3C978128BB966D00ACAEF6 /* DiaryEditView.swift in Sources */ = {isa = PBXBuildFile; fileRef = DE3C978028BB966D00ACAEF6 /* DiaryEditView.swift */; };
		DE3C978328BB9CAC00ACAEF6 /* SettingView.swift in Sources */ = {isa = PBXBuildFile; fileRef = DE3C978228BB9CAC00ACAEF6 /* SettingView.swift */; };
		DE3C978828BBA0DD00ACAEF6 /* DiaryModel.swift in Sources */ = {isa = PBXBuildFile; fileRef = DE3C978728BBA0DD00ACAEF6 /* DiaryModel.swift */; };
		DE3C979028BBA5A500ACAEF6 /* DiaryGridView.swift in Sources */ = {isa = PBXBuildFile; fileRef = DE3C978F28BBA5A500ACAEF6 /* DiaryGridView.swift */; };
		DE3C979228BBB39A00ACAEF6 /* DiaryGridCell.swift in Sources */ = {isa = PBXBuildFile; fileRef = DE3C979128BBB39A00ACAEF6 /* DiaryGridCell.swift */; };
		DE3C979428BBD77000ACAEF6 /* NavigationBackButton.swift in Sources */ = {isa = PBXBuildFile; fileRef = DE3C979328BBD77000ACAEF6 /* NavigationBackButton.swift */; };
		DE3C979628BBE5E300ACAEF6 /* CompleteButton.swift in Sources */ = {isa = PBXBuildFile; fileRef = DE3C979528BBE5E300ACAEF6 /* CompleteButton.swift */; };
		DE3C979828BC45CA00ACAEF6 /* VideoView.swift in Sources */ = {isa = PBXBuildFile; fileRef = DE3C979728BC45CA00ACAEF6 /* VideoView.swift */; };
		DE3C979A28BC507200ACAEF6 /* WriteView.swift in Sources */ = {isa = PBXBuildFile; fileRef = DE3C979928BC507200ACAEF6 /* WriteView.swift */; };
		DE3C979C28BC7DEC00ACAEF6 /* DiaryEditViewModel.swift in Sources */ = {isa = PBXBuildFile; fileRef = DE3C979B28BC7DEC00ACAEF6 /* DiaryEditViewModel.swift */; };
		DE3C979F28BCAACE00ACAEF6 /* TitleView.swift in Sources */ = {isa = PBXBuildFile; fileRef = DE3C979E28BCAACE00ACAEF6 /* TitleView.swift */; };
		DE3C97A228BCB49300ACAEF6 /* EditViewType.swift in Sources */ = {isa = PBXBuildFile; fileRef = DE3C97A128BCB49300ACAEF6 /* EditViewType.swift */; };
		DE3C97AB28BD278400ACAEF6 /* VideoPickerView.swift in Sources */ = {isa = PBXBuildFile; fileRef = DE3C97AA28BD278400ACAEF6 /* VideoPickerView.swift */; };
		DE3C97AF28BE2B5800ACAEF6 /* CustomVideoPlayer.swift in Sources */ = {isa = PBXBuildFile; fileRef = DE3C97AE28BE2B5800ACAEF6 /* CustomVideoPlayer.swift */; };
		DE3C97B128BE2F3F00ACAEF6 /* EditButton.swift in Sources */ = {isa = PBXBuildFile; fileRef = DE3C97B028BE2F3F00ACAEF6 /* EditButton.swift */; };
		DE3C97B428BE3E6B00ACAEF6 /* DeleteButton.swift in Sources */ = {isa = PBXBuildFile; fileRef = DE3C97B328BE3E6B00ACAEF6 /* DeleteButton.swift */; };
		DE52FBCC28BB66BB00E5A2F8 /* OdongDiaryApp.swift in Sources */ = {isa = PBXBuildFile; fileRef = DE52FBCB28BB66BB00E5A2F8 /* OdongDiaryApp.swift */; };
		DE52FBCE28BB66BB00E5A2F8 /* HomeView.swift in Sources */ = {isa = PBXBuildFile; fileRef = DE52FBCD28BB66BB00E5A2F8 /* HomeView.swift */; };
/* End PBXBuildFile section */

/* Begin PBXFileReference section */
		DE21E03B28BE4D81005B258A /* PersistenceController.swift */ = {isa = PBXFileReference; lastKnownFileType = sourcecode.swift; path = PersistenceController.swift; sourceTree = "<group>"; };
		DE21E03D28BE5236005B258A /* HomeViewModel.swift */ = {isa = PBXFileReference; lastKnownFileType = sourcecode.swift; path = HomeViewModel.swift; sourceTree = "<group>"; };
		DE21E06628BE7F3E005B258A /* Diary.xcdatamodel */ = {isa = PBXFileReference; lastKnownFileType = wrapper.xcdatamodel; path = Diary.xcdatamodel; sourceTree = "<group>"; };
		DE21E06C28BE804D005B258A /* Diary+CoreDataClass.swift */ = {isa = PBXFileReference; lastKnownFileType = sourcecode.swift; path = "Diary+CoreDataClass.swift"; sourceTree = "<group>"; };
		DE21E07028BE842F005B258A /* CoreDataManager.swift */ = {isa = PBXFileReference; lastKnownFileType = sourcecode.swift; path = CoreDataManager.swift; sourceTree = "<group>"; };
		DE21E07228BEA55D005B258A /* isHidden.swift */ = {isa = PBXFileReference; lastKnownFileType = sourcecode.swift; path = isHidden.swift; sourceTree = "<group>"; };
		DE21E07628BEAE18005B258A /* URL+.swift */ = {isa = PBXFileReference; lastKnownFileType = sourcecode.swift; path = "URL+.swift"; sourceTree = "<group>"; };
		DE21E07828BEAEFF005B258A /* VideoFileManager.swift */ = {isa = PBXFileReference; lastKnownFileType = sourcecode.swift; path = VideoFileManager.swift; sourceTree = "<group>"; };
		DE3C978028BB966D00ACAEF6 /* DiaryEditView.swift */ = {isa = PBXFileReference; lastKnownFileType = sourcecode.swift; path = DiaryEditView.swift; sourceTree = "<group>"; };
		DE3C978228BB9CAC00ACAEF6 /* SettingView.swift */ = {isa = PBXFileReference; lastKnownFileType = sourcecode.swift; path = SettingView.swift; sourceTree = "<group>"; };
		DE3C978728BBA0DD00ACAEF6 /* DiaryModel.swift */ = {isa = PBXFileReference; lastKnownFileType = sourcecode.swift; path = DiaryModel.swift; sourceTree = "<group>"; };
		DE3C978F28BBA5A500ACAEF6 /* DiaryGridView.swift */ = {isa = PBXFileReference; lastKnownFileType = sourcecode.swift; path = DiaryGridView.swift; sourceTree = "<group>"; };
		DE3C979128BBB39A00ACAEF6 /* DiaryGridCell.swift */ = {isa = PBXFileReference; lastKnownFileType = sourcecode.swift; path = DiaryGridCell.swift; sourceTree = "<group>"; };
		DE3C979328BBD77000ACAEF6 /* NavigationBackButton.swift */ = {isa = PBXFileReference; lastKnownFileType = sourcecode.swift; path = NavigationBackButton.swift; sourceTree = "<group>"; };
		DE3C979528BBE5E300ACAEF6 /* CompleteButton.swift */ = {isa = PBXFileReference; lastKnownFileType = sourcecode.swift; path = CompleteButton.swift; sourceTree = "<group>"; };
		DE3C979728BC45CA00ACAEF6 /* VideoView.swift */ = {isa = PBXFileReference; lastKnownFileType = sourcecode.swift; path = VideoView.swift; sourceTree = "<group>"; };
		DE3C979928BC507200ACAEF6 /* WriteView.swift */ = {isa = PBXFileReference; lastKnownFileType = sourcecode.swift; path = WriteView.swift; sourceTree = "<group>"; };
		DE3C979B28BC7DEC00ACAEF6 /* DiaryEditViewModel.swift */ = {isa = PBXFileReference; lastKnownFileType = sourcecode.swift; path = DiaryEditViewModel.swift; sourceTree = "<group>"; };
		DE3C979E28BCAACE00ACAEF6 /* TitleView.swift */ = {isa = PBXFileReference; lastKnownFileType = sourcecode.swift; path = TitleView.swift; sourceTree = "<group>"; };
		DE3C97A128BCB49300ACAEF6 /* EditViewType.swift */ = {isa = PBXFileReference; lastKnownFileType = sourcecode.swift; path = EditViewType.swift; sourceTree = "<group>"; };
		DE3C97AA28BD278400ACAEF6 /* VideoPickerView.swift */ = {isa = PBXFileReference; lastKnownFileType = sourcecode.swift; path = VideoPickerView.swift; sourceTree = "<group>"; };
		DE3C97AE28BE2B5800ACAEF6 /* CustomVideoPlayer.swift */ = {isa = PBXFileReference; lastKnownFileType = sourcecode.swift; path = CustomVideoPlayer.swift; sourceTree = "<group>"; };
		DE3C97B028BE2F3F00ACAEF6 /* EditButton.swift */ = {isa = PBXFileReference; lastKnownFileType = sourcecode.swift; path = EditButton.swift; sourceTree = "<group>"; };
		DE3C97B328BE3E6B00ACAEF6 /* DeleteButton.swift */ = {isa = PBXFileReference; lastKnownFileType = sourcecode.swift; path = DeleteButton.swift; sourceTree = "<group>"; };
		DE52FBC828BB66BB00E5A2F8 /* OdongDiary.app */ = {isa = PBXFileReference; explicitFileType = wrapper.application; includeInIndex = 0; path = OdongDiary.app; sourceTree = BUILT_PRODUCTS_DIR; };
		DE52FBCB28BB66BB00E5A2F8 /* OdongDiaryApp.swift */ = {isa = PBXFileReference; lastKnownFileType = sourcecode.swift; path = OdongDiaryApp.swift; sourceTree = "<group>"; };
		DE52FBCD28BB66BB00E5A2F8 /* HomeView.swift */ = {isa = PBXFileReference; lastKnownFileType = sourcecode.swift; path = HomeView.swift; sourceTree = "<group>"; };
		DE52FBCF28BB66BC00E5A2F8 /* Assets.xcassets */ = {isa = PBXFileReference; lastKnownFileType = folder.assetcatalog; path = Assets.xcassets; sourceTree = "<group>"; };
		DE52FBD228BB66BC00E5A2F8 /* Preview Assets.xcassets */ = {isa = PBXFileReference; lastKnownFileType = folder.assetcatalog; path = "Preview Assets.xcassets"; sourceTree = "<group>"; };
/* End PBXFileReference section */

/* Begin PBXFrameworksBuildPhase section */
		DE52FBC528BB66BB00E5A2F8 /* Frameworks */ = {
			isa = PBXFrameworksBuildPhase;
			buildActionMask = 2147483647;
			files = (
			);
			runOnlyForDeploymentPostprocessing = 0;
		};
/* End PBXFrameworksBuildPhase section */

/* Begin PBXGroup section */
		DE21E03128BE44CB005B258A /* VideoView */ = {
			isa = PBXGroup;
			children = (
				DE3C979728BC45CA00ACAEF6 /* VideoView.swift */,
				DE3C97AE28BE2B5800ACAEF6 /* CustomVideoPlayer.swift */,
				DE3C97AA28BD278400ACAEF6 /* VideoPickerView.swift */,
			);
			path = VideoView;
			sourceTree = "<group>";
		};
		DE21E03228BE44E6005B258A /* WriteView */ = {
			isa = PBXGroup;
			children = (
				DE3C979928BC507200ACAEF6 /* WriteView.swift */,
				DE3C979E28BCAACE00ACAEF6 /* TitleView.swift */,
			);
			path = WriteView;
			sourceTree = "<group>";
		};
		DE21E03A28BE47C5005B258A /* CoreData */ = {
			isa = PBXGroup;
			children = (
				DE21E03B28BE4D81005B258A /* PersistenceController.swift */,
				DE21E07028BE842F005B258A /* CoreDataManager.swift */,
				DE21E06C28BE804D005B258A /* Diary+CoreDataClass.swift */,
				DE21E06528BE7F3E005B258A /* Diary.xcdatamodeld */,
			);
			path = CoreData;
			sourceTree = "<group>";
		};
		DE21E03F28BE523B005B258A /* ViewModel */ = {
			isa = PBXGroup;
			children = (
				DE21E03D28BE5236005B258A /* HomeViewModel.swift */,
			);
			path = ViewModel;
			sourceTree = "<group>";
		};
		DE21E07428BEA651005B258A /* Modifier */ = {
			isa = PBXGroup;
			children = (
				DE21E07228BEA55D005B258A /* isHidden.swift */,
			);
			path = Modifier;
			sourceTree = "<group>";
		};
		DE21E07528BEAE07005B258A /* Extension */ = {
			isa = PBXGroup;
			children = (
				DE21E07628BEAE18005B258A /* URL+.swift */,
			);
			path = Extension;
			sourceTree = "<group>";
		};
		DE21E07A28BEAF08005B258A /* Util */ = {
			isa = PBXGroup;
			children = (
				DE21E07828BEAEFF005B258A /* VideoFileManager.swift */,
			);
			path = Util;
			sourceTree = "<group>";
		};
		DE3C978428BB9E3C00ACAEF6 /* Model */ = {
			isa = PBXGroup;
			children = (
				DE3C978728BBA0DD00ACAEF6 /* DiaryModel.swift */,
			);
			path = Model;
			sourceTree = "<group>";
		};
		DE3C978528BB9E4100ACAEF6 /* View */ = {
			isa = PBXGroup;
			children = (
				DE21E07428BEA651005B258A /* Modifier */,
				DE3C978928BBA0E200ACAEF6 /* HomeView */,
				DE3C978A28BBA0EE00ACAEF6 /* DiaryEditView */,
				DE3C978B28BBA0F100ACAEF6 /* SettingView */,
			);
			path = View;
			sourceTree = "<group>";
		};
		DE3C978928BBA0E200ACAEF6 /* HomeView */ = {
			isa = PBXGroup;
			children = (
				DE52FBCD28BB66BB00E5A2F8 /* HomeView.swift */,
				DE21E03F28BE523B005B258A /* ViewModel */,
				DE3C97A728BD240D00ACAEF6 /* Views */,
			);
			path = HomeView;
			sourceTree = "<group>";
		};
		DE3C978A28BBA0EE00ACAEF6 /* DiaryEditView */ = {
			isa = PBXGroup;
			children = (
				DE3C978028BB966D00ACAEF6 /* DiaryEditView.swift */,
				DE3C97A128BCB49300ACAEF6 /* EditViewType.swift */,
				DE3C97A028BCB48500ACAEF6 /* Views */,
				DE3C979D28BC7EFC00ACAEF6 /* ViewModel */,
			);
			path = DiaryEditView;
			sourceTree = "<group>";
		};
		DE3C978B28BBA0F100ACAEF6 /* SettingView */ = {
			isa = PBXGroup;
			children = (
				DE3C978228BB9CAC00ACAEF6 /* SettingView.swift */,
			);
			path = SettingView;
			sourceTree = "<group>";
		};
		DE3C979D28BC7EFC00ACAEF6 /* ViewModel */ = {
			isa = PBXGroup;
			children = (
				DE3C979B28BC7DEC00ACAEF6 /* DiaryEditViewModel.swift */,
			);
			path = ViewModel;
			sourceTree = "<group>";
		};
		DE3C97A028BCB48500ACAEF6 /* Views */ = {
			isa = PBXGroup;
			children = (
				DE3C97B228BE3E4B00ACAEF6 /* NavigationBar */,
				DE21E03128BE44CB005B258A /* VideoView */,
				DE21E03228BE44E6005B258A /* WriteView */,
			);
			path = Views;
			sourceTree = "<group>";
		};
		DE3C97A728BD240D00ACAEF6 /* Views */ = {
			isa = PBXGroup;
			children = (
				DE3C978F28BBA5A500ACAEF6 /* DiaryGridView.swift */,
				DE3C979128BBB39A00ACAEF6 /* DiaryGridCell.swift */,
			);
			path = Views;
			sourceTree = "<group>";
		};
		DE3C97A828BD249700ACAEF6 /* App */ = {
			isa = PBXGroup;
			children = (
				DE52FBCB28BB66BB00E5A2F8 /* OdongDiaryApp.swift */,
			);
			path = App;
			sourceTree = "<group>";
		};
		DE3C97B228BE3E4B00ACAEF6 /* NavigationBar */ = {
			isa = PBXGroup;
			children = (
				DE3C979528BBE5E300ACAEF6 /* CompleteButton.swift */,
				DE3C97B028BE2F3F00ACAEF6 /* EditButton.swift */,
				DE3C97B328BE3E6B00ACAEF6 /* DeleteButton.swift */,
				DE3C979328BBD77000ACAEF6 /* NavigationBackButton.swift */,
			);
			path = NavigationBar;
			sourceTree = "<group>";
		};
		DE52FBBF28BB66BB00E5A2F8 = {
			isa = PBXGroup;
			children = (
				DE52FBCA28BB66BB00E5A2F8 /* OdongDiary */,
				DE52FBC928BB66BB00E5A2F8 /* Products */,
			);
			sourceTree = "<group>";
		};
		DE52FBC928BB66BB00E5A2F8 /* Products */ = {
			isa = PBXGroup;
			children = (
				DE52FBC828BB66BB00E5A2F8 /* OdongDiary.app */,
			);
			name = Products;
			sourceTree = "<group>";
		};
		DE52FBCA28BB66BB00E5A2F8 /* OdongDiary */ = {
			isa = PBXGroup;
			children = (
				DE3C97A828BD249700ACAEF6 /* App */,
				DE21E03A28BE47C5005B258A /* CoreData */,
				DE3C978428BB9E3C00ACAEF6 /* Model */,
				DE3C978528BB9E4100ACAEF6 /* View */,
				DE21E07A28BEAF08005B258A /* Util */,
				DE21E07528BEAE07005B258A /* Extension */,
				DE52FBCF28BB66BC00E5A2F8 /* Assets.xcassets */,
				DE52FBD128BB66BC00E5A2F8 /* Preview Content */,
			);
			path = OdongDiary;
			sourceTree = "<group>";
		};
		DE52FBD128BB66BC00E5A2F8 /* Preview Content */ = {
			isa = PBXGroup;
			children = (
				DE52FBD228BB66BC00E5A2F8 /* Preview Assets.xcassets */,
			);
			path = "Preview Content";
			sourceTree = "<group>";
		};
/* End PBXGroup section */

/* Begin PBXNativeTarget section */
		DE52FBC728BB66BB00E5A2F8 /* OdongDiary */ = {
			isa = PBXNativeTarget;
			buildConfigurationList = DE52FBD628BB66BC00E5A2F8 /* Build configuration list for PBXNativeTarget "OdongDiary" */;
			buildPhases = (
				DE52FBC428BB66BB00E5A2F8 /* Sources */,
				DE52FBC528BB66BB00E5A2F8 /* Frameworks */,
				DE52FBC628BB66BB00E5A2F8 /* Resources */,
			);
			buildRules = (
			);
			dependencies = (
			);
			name = OdongDiary;
			productName = OdongDiary;
			productReference = DE52FBC828BB66BB00E5A2F8 /* OdongDiary.app */;
			productType = "com.apple.product-type.application";
		};
/* End PBXNativeTarget section */

/* Begin PBXProject section */
		DE52FBC028BB66BB00E5A2F8 /* Project object */ = {
			isa = PBXProject;
			attributes = {
				BuildIndependentTargetsInParallel = 1;
				LastSwiftUpdateCheck = 1340;
				LastUpgradeCheck = 1340;
				TargetAttributes = {
					DE52FBC728BB66BB00E5A2F8 = {
						CreatedOnToolsVersion = 13.4.1;
					};
				};
			};
			buildConfigurationList = DE52FBC328BB66BB00E5A2F8 /* Build configuration list for PBXProject "OdongDiary" */;
			compatibilityVersion = "Xcode 13.0";
			developmentRegion = en;
			hasScannedForEncodings = 0;
			knownRegions = (
				en,
				Base,
			);
			mainGroup = DE52FBBF28BB66BB00E5A2F8;
			productRefGroup = DE52FBC928BB66BB00E5A2F8 /* Products */;
			projectDirPath = "";
			projectRoot = "";
			targets = (
				DE52FBC728BB66BB00E5A2F8 /* OdongDiary */,
			);
		};
/* End PBXProject section */

/* Begin PBXResourcesBuildPhase section */
		DE52FBC628BB66BB00E5A2F8 /* Resources */ = {
			isa = PBXResourcesBuildPhase;
			buildActionMask = 2147483647;
			files = (
			);
			runOnlyForDeploymentPostprocessing = 0;
		};
/* End PBXResourcesBuildPhase section */

/* Begin PBXSourcesBuildPhase section */
		DE52FBC428BB66BB00E5A2F8 /* Sources */ = {
			isa = PBXSourcesBuildPhase;
			buildActionMask = 2147483647;
			files = (
				DE21E07728BEAE18005B258A /* URL+.swift in Sources */,
				DE3C97A228BCB49300ACAEF6 /* EditViewType.swift in Sources */,
				DE21E07328BEA55D005B258A /* isHidden.swift in Sources */,
				DE3C97AF28BE2B5800ACAEF6 /* CustomVideoPlayer.swift in Sources */,
				DE52FBCE28BB66BB00E5A2F8 /* HomeView.swift in Sources */,
				DE3C979028BBA5A500ACAEF6 /* DiaryGridView.swift in Sources */,
				DE3C979628BBE5E300ACAEF6 /* CompleteButton.swift in Sources */,
				DE3C978828BBA0DD00ACAEF6 /* DiaryModel.swift in Sources */,
				DE3C978328BB9CAC00ACAEF6 /* SettingView.swift in Sources */,
				DE21E07928BEAEFF005B258A /* VideoFileManager.swift in Sources */,
				DE3C979A28BC507200ACAEF6 /* WriteView.swift in Sources */,
				DE21E07128BE842F005B258A /* CoreDataManager.swift in Sources */,
				DE3C979C28BC7DEC00ACAEF6 /* DiaryEditViewModel.swift in Sources */,
				DE3C979428BBD77000ACAEF6 /* NavigationBackButton.swift in Sources */,
				DE3C979828BC45CA00ACAEF6 /* VideoView.swift in Sources */,
				DE3C979228BBB39A00ACAEF6 /* DiaryGridCell.swift in Sources */,
				DE52FBCC28BB66BB00E5A2F8 /* OdongDiaryApp.swift in Sources */,
				DE3C97AB28BD278400ACAEF6 /* VideoPickerView.swift in Sources */,
				DE3C97B428BE3E6B00ACAEF6 /* DeleteButton.swift in Sources */,
				DE21E03E28BE5236005B258A /* HomeViewModel.swift in Sources */,
				DE21E06728BE7F3E005B258A /* Diary.xcdatamodeld in Sources */,
				DE3C97B128BE2F3F00ACAEF6 /* EditButton.swift in Sources */,
				DE3C979F28BCAACE00ACAEF6 /* TitleView.swift in Sources */,
				DE3C978128BB966D00ACAEF6 /* DiaryEditView.swift in Sources */,
				DE21E03C28BE4D81005B258A /* PersistenceController.swift in Sources */,
				DE21E06E28BE804D005B258A /* Diary+CoreDataClass.swift in Sources */,
			);
			runOnlyForDeploymentPostprocessing = 0;
		};
/* End PBXSourcesBuildPhase section */

/* Begin XCBuildConfiguration section */
		DE52FBD428BB66BC00E5A2F8 /* Debug */ = {
			isa = XCBuildConfiguration;
			buildSettings = {
				ALWAYS_SEARCH_USER_PATHS = NO;
				CLANG_ANALYZER_NONNULL = YES;
				CLANG_ANALYZER_NUMBER_OBJECT_CONVERSION = YES_AGGRESSIVE;
				CLANG_CXX_LANGUAGE_STANDARD = "gnu++17";
				CLANG_ENABLE_MODULES = YES;
				CLANG_ENABLE_OBJC_ARC = YES;
				CLANG_ENABLE_OBJC_WEAK = YES;
				CLANG_WARN_BLOCK_CAPTURE_AUTORELEASING = YES;
				CLANG_WARN_BOOL_CONVERSION = YES;
				CLANG_WARN_COMMA = YES;
				CLANG_WARN_CONSTANT_CONVERSION = YES;
				CLANG_WARN_DEPRECATED_OBJC_IMPLEMENTATIONS = YES;
				CLANG_WARN_DIRECT_OBJC_ISA_USAGE = YES_ERROR;
				CLANG_WARN_DOCUMENTATION_COMMENTS = YES;
				CLANG_WARN_EMPTY_BODY = YES;
				CLANG_WARN_ENUM_CONVERSION = YES;
				CLANG_WARN_INFINITE_RECURSION = YES;
				CLANG_WARN_INT_CONVERSION = YES;
				CLANG_WARN_NON_LITERAL_NULL_CONVERSION = YES;
				CLANG_WARN_OBJC_IMPLICIT_RETAIN_SELF = YES;
				CLANG_WARN_OBJC_LITERAL_CONVERSION = YES;
				CLANG_WARN_OBJC_ROOT_CLASS = YES_ERROR;
				CLANG_WARN_QUOTED_INCLUDE_IN_FRAMEWORK_HEADER = YES;
				CLANG_WARN_RANGE_LOOP_ANALYSIS = YES;
				CLANG_WARN_STRICT_PROTOTYPES = YES;
				CLANG_WARN_SUSPICIOUS_MOVE = YES;
				CLANG_WARN_UNGUARDED_AVAILABILITY = YES_AGGRESSIVE;
				CLANG_WARN_UNREACHABLE_CODE = YES;
				CLANG_WARN__DUPLICATE_METHOD_MATCH = YES;
				COPY_PHASE_STRIP = NO;
				DEBUG_INFORMATION_FORMAT = dwarf;
				ENABLE_STRICT_OBJC_MSGSEND = YES;
				ENABLE_TESTABILITY = YES;
				GCC_C_LANGUAGE_STANDARD = gnu11;
				GCC_DYNAMIC_NO_PIC = NO;
				GCC_NO_COMMON_BLOCKS = YES;
				GCC_OPTIMIZATION_LEVEL = 0;
				GCC_PREPROCESSOR_DEFINITIONS = (
					"DEBUG=1",
					"$(inherited)",
				);
				GCC_WARN_64_TO_32_BIT_CONVERSION = YES;
				GCC_WARN_ABOUT_RETURN_TYPE = YES_ERROR;
				GCC_WARN_UNDECLARED_SELECTOR = YES;
				GCC_WARN_UNINITIALIZED_AUTOS = YES_AGGRESSIVE;
				GCC_WARN_UNUSED_FUNCTION = YES;
				GCC_WARN_UNUSED_VARIABLE = YES;
				IPHONEOS_DEPLOYMENT_TARGET = 15.0;
				MTL_ENABLE_DEBUG_INFO = INCLUDE_SOURCE;
				MTL_FAST_MATH = YES;
				ONLY_ACTIVE_ARCH = YES;
				SDKROOT = iphoneos;
				SWIFT_ACTIVE_COMPILATION_CONDITIONS = DEBUG;
				SWIFT_OPTIMIZATION_LEVEL = "-Onone";
			};
			name = Debug;
		};
		DE52FBD528BB66BC00E5A2F8 /* Release */ = {
			isa = XCBuildConfiguration;
			buildSettings = {
				ALWAYS_SEARCH_USER_PATHS = NO;
				CLANG_ANALYZER_NONNULL = YES;
				CLANG_ANALYZER_NUMBER_OBJECT_CONVERSION = YES_AGGRESSIVE;
				CLANG_CXX_LANGUAGE_STANDARD = "gnu++17";
				CLANG_ENABLE_MODULES = YES;
				CLANG_ENABLE_OBJC_ARC = YES;
				CLANG_ENABLE_OBJC_WEAK = YES;
				CLANG_WARN_BLOCK_CAPTURE_AUTORELEASING = YES;
				CLANG_WARN_BOOL_CONVERSION = YES;
				CLANG_WARN_COMMA = YES;
				CLANG_WARN_CONSTANT_CONVERSION = YES;
				CLANG_WARN_DEPRECATED_OBJC_IMPLEMENTATIONS = YES;
				CLANG_WARN_DIRECT_OBJC_ISA_USAGE = YES_ERROR;
				CLANG_WARN_DOCUMENTATION_COMMENTS = YES;
				CLANG_WARN_EMPTY_BODY = YES;
				CLANG_WARN_ENUM_CONVERSION = YES;
				CLANG_WARN_INFINITE_RECURSION = YES;
				CLANG_WARN_INT_CONVERSION = YES;
				CLANG_WARN_NON_LITERAL_NULL_CONVERSION = YES;
				CLANG_WARN_OBJC_IMPLICIT_RETAIN_SELF = YES;
				CLANG_WARN_OBJC_LITERAL_CONVERSION = YES;
				CLANG_WARN_OBJC_ROOT_CLASS = YES_ERROR;
				CLANG_WARN_QUOTED_INCLUDE_IN_FRAMEWORK_HEADER = YES;
				CLANG_WARN_RANGE_LOOP_ANALYSIS = YES;
				CLANG_WARN_STRICT_PROTOTYPES = YES;
				CLANG_WARN_SUSPICIOUS_MOVE = YES;
				CLANG_WARN_UNGUARDED_AVAILABILITY = YES_AGGRESSIVE;
				CLANG_WARN_UNREACHABLE_CODE = YES;
				CLANG_WARN__DUPLICATE_METHOD_MATCH = YES;
				COPY_PHASE_STRIP = NO;
				DEBUG_INFORMATION_FORMAT = "dwarf-with-dsym";
				ENABLE_NS_ASSERTIONS = NO;
				ENABLE_STRICT_OBJC_MSGSEND = YES;
				GCC_C_LANGUAGE_STANDARD = gnu11;
				GCC_NO_COMMON_BLOCKS = YES;
				GCC_WARN_64_TO_32_BIT_CONVERSION = YES;
				GCC_WARN_ABOUT_RETURN_TYPE = YES_ERROR;
				GCC_WARN_UNDECLARED_SELECTOR = YES;
				GCC_WARN_UNINITIALIZED_AUTOS = YES_AGGRESSIVE;
				GCC_WARN_UNUSED_FUNCTION = YES;
				GCC_WARN_UNUSED_VARIABLE = YES;
				IPHONEOS_DEPLOYMENT_TARGET = 15.0;
				MTL_ENABLE_DEBUG_INFO = NO;
				MTL_FAST_MATH = YES;
				SDKROOT = iphoneos;
				SWIFT_COMPILATION_MODE = wholemodule;
				SWIFT_OPTIMIZATION_LEVEL = "-O";
				VALIDATE_PRODUCT = YES;
			};
			name = Release;
		};
		DE52FBD728BB66BC00E5A2F8 /* Debug */ = {
			isa = XCBuildConfiguration;
			buildSettings = {
				ASSETCATALOG_COMPILER_APPICON_NAME = AppIcon;
				ASSETCATALOG_COMPILER_GLOBAL_ACCENT_COLOR_NAME = AccentColor;
				CODE_SIGN_STYLE = Automatic;
				CURRENT_PROJECT_VERSION = 1;
				DEVELOPMENT_ASSET_PATHS = "\"OdongDiary/Preview Content\"";
				DEVELOPMENT_TEAM = 7XP67L86FD;
				ENABLE_PREVIEWS = YES;
				GENERATE_INFOPLIST_FILE = YES;
				INFOPLIST_KEY_NSPhotoLibraryUsageDescription = "get a video in album";
				INFOPLIST_KEY_UIApplicationSceneManifest_Generation = YES;
				INFOPLIST_KEY_UIApplicationSupportsIndirectInputEvents = YES;
				INFOPLIST_KEY_UILaunchScreen_Generation = YES;
				INFOPLIST_KEY_UISupportedInterfaceOrientations = UIInterfaceOrientationPortrait;
				INFOPLIST_KEY_UISupportedInterfaceOrientations_iPad = "UIInterfaceOrientationPortrait UIInterfaceOrientationPortraitUpsideDown UIInterfaceOrientationLandscapeLeft UIInterfaceOrientationLandscapeRight";
				INFOPLIST_KEY_UISupportedInterfaceOrientations_iPhone = "UIInterfaceOrientationPortrait UIInterfaceOrientationLandscapeLeft UIInterfaceOrientationLandscapeRight";
				INFOPLIST_KEY_UIUserInterfaceStyle = Light;
				LD_RUNPATH_SEARCH_PATHS = (
					"$(inherited)",
					"@executable_path/Frameworks",
				);
				MARKETING_VERSION = 1.0;
				PRODUCT_BUNDLE_IDENTIFIER = odongnamu.OdongDiary;
				PRODUCT_NAME = "$(TARGET_NAME)";
				SWIFT_EMIT_LOC_STRINGS = YES;
				SWIFT_VERSION = 5.0;
				TARGETED_DEVICE_FAMILY = 1;
			};
			name = Debug;
		};
		DE52FBD828BB66BC00E5A2F8 /* Release */ = {
			isa = XCBuildConfiguration;
			buildSettings = {
				ASSETCATALOG_COMPILER_APPICON_NAME = AppIcon;
				ASSETCATALOG_COMPILER_GLOBAL_ACCENT_COLOR_NAME = AccentColor;
				CODE_SIGN_STYLE = Automatic;
				CURRENT_PROJECT_VERSION = 1;
				DEVELOPMENT_ASSET_PATHS = "\"OdongDiary/Preview Content\"";
				DEVELOPMENT_TEAM = 7XP67L86FD;
				ENABLE_PREVIEWS = YES;
				GENERATE_INFOPLIST_FILE = YES;
				INFOPLIST_KEY_NSPhotoLibraryUsageDescription = "get a video in album";
				INFOPLIST_KEY_UIApplicationSceneManifest_Generation = YES;
				INFOPLIST_KEY_UIApplicationSupportsIndirectInputEvents = YES;
				INFOPLIST_KEY_UILaunchScreen_Generation = YES;
				INFOPLIST_KEY_UISupportedInterfaceOrientations = UIInterfaceOrientationPortrait;
				INFOPLIST_KEY_UISupportedInterfaceOrientations_iPad = "UIInterfaceOrientationPortrait UIInterfaceOrientationPortraitUpsideDown UIInterfaceOrientationLandscapeLeft UIInterfaceOrientationLandscapeRight";
				INFOPLIST_KEY_UISupportedInterfaceOrientations_iPhone = "UIInterfaceOrientationPortrait UIInterfaceOrientationLandscapeLeft UIInterfaceOrientationLandscapeRight";
				INFOPLIST_KEY_UIUserInterfaceStyle = Light;
				LD_RUNPATH_SEARCH_PATHS = (
					"$(inherited)",
					"@executable_path/Frameworks",
				);
				MARKETING_VERSION = 1.0;
				PRODUCT_BUNDLE_IDENTIFIER = odongnamu.OdongDiary;
				PRODUCT_NAME = "$(TARGET_NAME)";
				SWIFT_EMIT_LOC_STRINGS = YES;
				SWIFT_VERSION = 5.0;
				TARGETED_DEVICE_FAMILY = 1;
			};
			name = Release;
		};
/* End XCBuildConfiguration section */

/* Begin XCConfigurationList section */
		DE52FBC328BB66BB00E5A2F8 /* Build configuration list for PBXProject "OdongDiary" */ = {
			isa = XCConfigurationList;
			buildConfigurations = (
				DE52FBD428BB66BC00E5A2F8 /* Debug */,
				DE52FBD528BB66BC00E5A2F8 /* Release */,
			);
			defaultConfigurationIsVisible = 0;
			defaultConfigurationName = Release;
		};
		DE52FBD628BB66BC00E5A2F8 /* Build configuration list for PBXNativeTarget "OdongDiary" */ = {
			isa = XCConfigurationList;
			buildConfigurations = (
				DE52FBD728BB66BC00E5A2F8 /* Debug */,
				DE52FBD828BB66BC00E5A2F8 /* Release */,
			);
			defaultConfigurationIsVisible = 0;
			defaultConfigurationName = Release;
		};
/* End XCConfigurationList section */

/* Begin XCVersionGroup section */
		DE21E06528BE7F3E005B258A /* Diary.xcdatamodeld */ = {
			isa = XCVersionGroup;
			children = (
				DE21E06628BE7F3E005B258A /* Diary.xcdatamodel */,
			);
			currentVersion = DE21E06628BE7F3E005B258A /* Diary.xcdatamodel */;
			path = Diary.xcdatamodeld;
			sourceTree = "<group>";
			versionGroupType = wrapper.xcdatamodel;
		};
/* End XCVersionGroup section */
	};
	rootObject = DE52FBC028BB66BB00E5A2F8 /* Project object */;
}
